
Microsoft Visual Studio Solution File, Format Version 12.00
# Visual Studio Version 16
VisualStudioVersion = 16.0.30309.148
MinimumVisualStudioVersion = 10.0.40219.1
Project("{FAE04EC0-301F-11D3-BF4B-00C04F79EFBC}") = "CustomListClass", "CustomListClass\CustomListClass.csproj", "{F35E57B6-F550-4073-95AD-02C43EB95158}"
EndProject
Project("{FAE04EC0-301F-11D3-BF4B-00C04F79EFBC}") = "CustomListTesting", "CustomListTesting\CustomListTesting.csproj", "{F7A5C674-3BB3-46DA-BE19-5075A29A4E31}"
EndProject
Global
	GlobalSection(SolutionConfigurationPlatforms) = preSolution
		Debug|Any CPU = Debug|Any CPU
		Release|Any CPU = Release|Any CPU
	EndGlobalSection
	GlobalSection(ProjectConfigurationPlatforms) = postSolution
		{F35E57B6-F550-4073-95AD-02C43EB95158}.Debug|Any CPU.ActiveCfg = Debug|Any CPU
		{F35E57B6-F550-4073-95AD-02C43EB95158}.Debug|Any CPU.Build.0 = Debug|Any CPU
		{F35E57B6-F550-4073-95AD-02C43EB95158}.Release|Any CPU.ActiveCfg = Release|Any CPU
		{F35E57B6-F550-4073-95AD-02C43EB95158}.Release|Any CPU.Build.0 = Release|Any CPU
		{F7A5C674-3BB3-46DA-BE19-5075A29A4E31}.Debug|Any CPU.ActiveCfg = Debug|Any CPU
		{F7A5C674-3BB3-46DA-BE19-5075A29A4E31}.Debug|Any CPU.Build.0 = Debug|Any CPU
		{F7A5C674-3BB3-46DA-BE19-5075A29A4E31}.Release|Any CPU.ActiveCfg = Release|Any CPU
		{F7A5C674-3BB3-46DA-BE19-5075A29A4E31}.Release|Any CPU.Build.0 = Release|Any CPU
	EndGlobalSection
	GlobalSection(SolutionProperties) = preSolution
		HideSolutionNode = FALSE
	EndGlobalSection
	GlobalSection(ExtensibilityGlobals) = postSolution
		SolutionGuid = {0FAA21DB-B1C3-48BD-AA28-F0302425E2CC}
	EndGlobalSection
EndGlobal
